
Microsoft Visual Studio Solution File, Format Version 12.00
# Visual Studio Version 17
VisualStudioVersion = 17.14.37111.16 d17.14
MinimumVisualStudioVersion = 10.0.40219.1
Project("{FAE04EC0-301F-11D3-BF4B-00C04F79EFBC}") = "WorkLinkService.Domain", "WorkLinkService.Domain\WorkLinkService.Domain.csproj", "{4BA4A99E-02C8-4CC3-8E88-7C7863DA6344}"
EndProject
Project("{FAE04EC0-301F-11D3-BF4B-00C04F79EFBC}") = "WorkLinkService.ValueObjects", "WorkLinkService.ValueObjects\WorkLinkService.ValueObjects.csproj", "{1B7622E1-C47B-47C7-A672-032FC1D25F4C}"
EndProject
Project("{FAE04EC0-301F-11D3-BF4B-00C04F79EFBC}") = "WorkLinkService.Domain.Repositories.Abstractions", "WorkLinkService.Domain.Repositories.Abstractions\WorkLinkService.Domain.Repositories.Abstractions.csproj", "{6EA5B92B-6EA0-4D70-A58B-699047FFFF59}"
EndProject
Project("{FAE04EC0-301F-11D3-BF4B-00C04F79EFBC}") = "WorkLinkService.Domain.Demo", "WorkLinkService.Domain.Demo\WorkLinkService.Domain.Demo.csproj", "{2DACB932-57E2-4727-8B11-CD1B013C1DE8}"
EndProject
Global
	GlobalSection(SolutionConfigurationPlatforms) = preSolution
		Debug|Any CPU = Debug|Any CPU
		Release|Any CPU = Release|Any CPU
	EndGlobalSection
	GlobalSection(ProjectConfigurationPlatforms) = postSolution
		{4BA4A99E-02C8-4CC3-8E88-7C7863DA6344}.Debug|Any CPU.ActiveCfg = Debug|Any CPU
		{4BA4A99E-02C8-4CC3-8E88-7C7863DA6344}.Debug|Any CPU.Build.0 = Debug|Any CPU
		{4BA4A99E-02C8-4CC3-8E88-7C7863DA6344}.Release|Any CPU.ActiveCfg = Release|Any CPU
		{4BA4A99E-02C8-4CC3-8E88-7C7863DA6344}.Release|Any CPU.Build.0 = Release|Any CPU
		{1B7622E1-C47B-47C7-A672-032FC1D25F4C}.Debug|Any CPU.ActiveCfg = Debug|Any CPU
		{1B7622E1-C47B-47C7-A672-032FC1D25F4C}.Debug|Any CPU.Build.0 = Debug|Any CPU
		{1B7622E1-C47B-47C7-A672-032FC1D25F4C}.Release|Any CPU.ActiveCfg = Release|Any CPU
		{1B7622E1-C47B-47C7-A672-032FC1D25F4C}.Release|Any CPU.Build.0 = Release|Any CPU
		{6EA5B92B-6EA0-4D70-A58B-699047FFFF59}.Debug|Any CPU.ActiveCfg = Debug|Any CPU
		{6EA5B92B-6EA0-4D70-A58B-699047FFFF59}.Debug|Any CPU.Build.0 = Debug|Any CPU
		{6EA5B92B-6EA0-4D70-A58B-699047FFFF59}.Release|Any CPU.ActiveCfg = Release|Any CPU
		{6EA5B92B-6EA0-4D70-A58B-699047FFFF59}.Release|Any CPU.Build.0 = Release|Any CPU
		{2DACB932-57E2-4727-8B11-CD1B013C1DE8}.Debug|Any CPU.ActiveCfg = Debug|Any CPU
		{2DACB932-57E2-4727-8B11-CD1B013C1DE8}.Debug|Any CPU.Build.0 = Debug|Any CPU
		{2DACB932-57E2-4727-8B11-CD1B013C1DE8}.Release|Any CPU.ActiveCfg = Release|Any CPU
		{2DACB932-57E2-4727-8B11-CD1B013C1DE8}.Release|Any CPU.Build.0 = Release|Any CPU
	EndGlobalSection
	GlobalSection(SolutionProperties) = preSolution
		HideSolutionNode = FALSE
	EndGlobalSection
	GlobalSection(ExtensibilityGlobals) = postSolution
		SolutionGuid = {F111EBAA-D6B4-4CB4-8ABB-1C0F7E95B235}
	EndGlobalSection
EndGlobal
